
Microsoft Visual Studio Solution File, Format Version 12.00
Project("{2150E333-8FDC-42A3-9474-1A3956D46DE8}") = "Presentation", "Presentation", "{ADF36114-7B64-421C-8CE5-0149ACE048B1}"
EndProject
Project("{2150E333-8FDC-42A3-9474-1A3956D46DE8}") = "KIT", "KIT", "{DFDE8CD2-A5E8-4969-92C2-C5B030EE2132}"
EndProject
Project("{2150E333-8FDC-42A3-9474-1A3956D46DE8}") = "Applications", "Applications", "{04654E44-CC3C-4924-9648-6F019655265A}"
EndProject
Project("{FAE04EC0-301F-11D3-BF4B-00C04F79EFBC}") = "KIT.Redis", "src\KIT.Redis\KIT.Redis.csproj", "{219F7FB3-224D-497D-97AB-6CB151BDB384}"
EndProject
Project("{FAE04EC0-301F-11D3-BF4B-00C04F79EFBC}") = "App.WebApi", "src\App.WebApi\App.WebApi.csproj", "{CA92AFCD-DB4F-40A6-B6EB-33EBB6830938}"
EndProject
Project("{FAE04EC0-301F-11D3-BF4B-00C04F79EFBC}") = "App.Setup", "src\App.Setup\App.Setup.csproj", "{596ABD3D-1D37-4D0B-92E6-E3F55B0510D3}"
EndProject
Project("{2150E333-8FDC-42A3-9474-1A3956D46DE8}") = "Core", "Core", "{85A35E9F-BA25-4A4C-ABEC-314646C81CF1}"
EndProject
Project("{2150E333-8FDC-42A3-9474-1A3956D46DE8}") = "Infrastructure", "Infrastructure", "{BC299C35-33B2-4830-BE9C-7B93EB64BE37}"
EndProject
Project("{FAE04EC0-301F-11D3-BF4B-00C04F79EFBC}") = "App.Persistence", "src\App.Persistence\App.Persistence.csproj", "{C28D4319-DB90-4E90-86DA-57511046BF51}"
EndProject
Project("{FAE04EC0-301F-11D3-BF4B-00C04F79EFBC}") = "App.Domain", "src\App.Domain\App.Domain.csproj", "{AABDCF9E-F5E7-4C34-8CBC-CE59145A1BEF}"
EndProject
Project("{FAE04EC0-301F-11D3-BF4B-00C04F79EFBC}") = "App.Application", "src\App.Application\App.Application.csproj", "{17993D41-4BD2-4638-81D6-DEC75F36AE3C}"
EndProject
Project("{FAE04EC0-301F-11D3-BF4B-00C04F79EFBC}") = "KIT.Proxy", "src\KIT.Proxy\KIT.Proxy.csproj", "{23149E3C-64BD-4B41-9A31-52D08BDEE09E}"
EndProject
Project("{FAE04EC0-301F-11D3-BF4B-00C04F79EFBC}") = "App.Common", "src\App.Common\App.Common.csproj", "{09E4B942-B335-4296-9253-B099EC79FAD0}"
EndProject
Project("{FAE04EC0-301F-11D3-BF4B-00C04F79EFBC}") = "KIT.MediatR", "src\KIT.MediatR\KIT.MediatR.csproj", "{AF3290A7-5C85-4604-AC81-7DCF280A18C0}"
EndProject
Global
	GlobalSection(SolutionConfigurationPlatforms) = preSolution
		Debug|Any CPU = Debug|Any CPU
		Release|Any CPU = Release|Any CPU
	EndGlobalSection
	GlobalSection(NestedProjects) = preSolution
		{219F7FB3-224D-497D-97AB-6CB151BDB384} = {DFDE8CD2-A5E8-4969-92C2-C5B030EE2132}
		{CA92AFCD-DB4F-40A6-B6EB-33EBB6830938} = {ADF36114-7B64-421C-8CE5-0149ACE048B1}
		{C28D4319-DB90-4E90-86DA-57511046BF51} = {BC299C35-33B2-4830-BE9C-7B93EB64BE37}
		{AABDCF9E-F5E7-4C34-8CBC-CE59145A1BEF} = {85A35E9F-BA25-4A4C-ABEC-314646C81CF1}
		{17993D41-4BD2-4638-81D6-DEC75F36AE3C} = {04654E44-CC3C-4924-9648-6F019655265A}
		{596ABD3D-1D37-4D0B-92E6-E3F55B0510D3} = {85A35E9F-BA25-4A4C-ABEC-314646C81CF1}
		{23149E3C-64BD-4B41-9A31-52D08BDEE09E} = {DFDE8CD2-A5E8-4969-92C2-C5B030EE2132}
		{09E4B942-B335-4296-9253-B099EC79FAD0} = {85A35E9F-BA25-4A4C-ABEC-314646C81CF1}
		{AF3290A7-5C85-4604-AC81-7DCF280A18C0} = {DFDE8CD2-A5E8-4969-92C2-C5B030EE2132}
	EndGlobalSection
	GlobalSection(ProjectConfigurationPlatforms) = postSolution
		{CA92AFCD-DB4F-40A6-B6EB-33EBB6830938}.Debug|Any CPU.ActiveCfg = Debug|Any CPU
		{CA92AFCD-DB4F-40A6-B6EB-33EBB6830938}.Debug|Any CPU.Build.0 = Debug|Any CPU
		{CA92AFCD-DB4F-40A6-B6EB-33EBB6830938}.Release|Any CPU.ActiveCfg = Release|Any CPU
		{CA92AFCD-DB4F-40A6-B6EB-33EBB6830938}.Release|Any CPU.Build.0 = Release|Any CPU
		{596ABD3D-1D37-4D0B-92E6-E3F55B0510D3}.Debug|Any CPU.ActiveCfg = Debug|Any CPU
		{596ABD3D-1D37-4D0B-92E6-E3F55B0510D3}.Debug|Any CPU.Build.0 = Debug|Any CPU
		{596ABD3D-1D37-4D0B-92E6-E3F55B0510D3}.Release|Any CPU.ActiveCfg = Release|Any CPU
		{596ABD3D-1D37-4D0B-92E6-E3F55B0510D3}.Release|Any CPU.Build.0 = Release|Any CPU
		{219F7FB3-224D-497D-97AB-6CB151BDB384}.Debug|Any CPU.ActiveCfg = Debug|Any CPU
		{219F7FB3-224D-497D-97AB-6CB151BDB384}.Debug|Any CPU.Build.0 = Debug|Any CPU
		{219F7FB3-224D-497D-97AB-6CB151BDB384}.Release|Any CPU.ActiveCfg = Release|Any CPU
		{219F7FB3-224D-497D-97AB-6CB151BDB384}.Release|Any CPU.Build.0 = Release|Any CPU
		{C28D4319-DB90-4E90-86DA-57511046BF51}.Debug|Any CPU.ActiveCfg = Debug|Any CPU
		{C28D4319-DB90-4E90-86DA-57511046BF51}.Debug|Any CPU.Build.0 = Debug|Any CPU
		{C28D4319-DB90-4E90-86DA-57511046BF51}.Release|Any CPU.ActiveCfg = Release|Any CPU
		{C28D4319-DB90-4E90-86DA-57511046BF51}.Release|Any CPU.Build.0 = Release|Any CPU
		{AABDCF9E-F5E7-4C34-8CBC-CE59145A1BEF}.Debug|Any CPU.ActiveCfg = Debug|Any CPU
		{AABDCF9E-F5E7-4C34-8CBC-CE59145A1BEF}.Debug|Any CPU.Build.0 = Debug|Any CPU
		{AABDCF9E-F5E7-4C34-8CBC-CE59145A1BEF}.Release|Any CPU.ActiveCfg = Release|Any CPU
		{AABDCF9E-F5E7-4C34-8CBC-CE59145A1BEF}.Release|Any CPU.Build.0 = Release|Any CPU
		{17993D41-4BD2-4638-81D6-DEC75F36AE3C}.Debug|Any CPU.ActiveCfg = Debug|Any CPU
		{17993D41-4BD2-4638-81D6-DEC75F36AE3C}.Debug|Any CPU.Build.0 = Debug|Any CPU
		{17993D41-4BD2-4638-81D6-DEC75F36AE3C}.Release|Any CPU.ActiveCfg = Release|Any CPU
		{17993D41-4BD2-4638-81D6-DEC75F36AE3C}.Release|Any CPU.Build.0 = Release|Any CPU
		{23149E3C-64BD-4B41-9A31-52D08BDEE09E}.Debug|Any CPU.ActiveCfg = Debug|Any CPU
		{23149E3C-64BD-4B41-9A31-52D08BDEE09E}.Debug|Any CPU.Build.0 = Debug|Any CPU
		{23149E3C-64BD-4B41-9A31-52D08BDEE09E}.Release|Any CPU.ActiveCfg = Release|Any CPU
		{23149E3C-64BD-4B41-9A31-52D08BDEE09E}.Release|Any CPU.Build.0 = Release|Any CPU
		{09E4B942-B335-4296-9253-B099EC79FAD0}.Debug|Any CPU.ActiveCfg = Debug|Any CPU
		{09E4B942-B335-4296-9253-B099EC79FAD0}.Debug|Any CPU.Build.0 = Debug|Any CPU
		{09E4B942-B335-4296-9253-B099EC79FAD0}.Release|Any CPU.ActiveCfg = Release|Any CPU
		{09E4B942-B335-4296-9253-B099EC79FAD0}.Release|Any CPU.Build.0 = Release|Any CPU
		{AF3290A7-5C85-4604-AC81-7DCF280A18C0}.Debug|Any CPU.ActiveCfg = Debug|Any CPU
		{AF3290A7-5C85-4604-AC81-7DCF280A18C0}.Debug|Any CPU.Build.0 = Debug|Any CPU
		{AF3290A7-5C85-4604-AC81-7DCF280A18C0}.Release|Any CPU.ActiveCfg = Release|Any CPU
		{AF3290A7-5C85-4604-AC81-7DCF280A18C0}.Release|Any CPU.Build.0 = Release|Any CPU
	EndGlobalSection
EndGlobal
